PODS:
  - MJRefresh (3.3.1)
  - Reveal-SDK (22)
  - SnapKit (4.2.0)
  - Trident (0.2.0):
    - SnapKit (~> 4.2.0)

DEPENDENCIES:
  - MJRefresh
  - Reveal-SDK (= 22)
  - SnapKit
  - Trident

SPEC REPOS:
  https://cdn.cocoapods.org/:
    - MJRefresh
    - Reveal-SDK
    - SnapKit
    - Trident

SPEC CHECKSUMS:
  MJRefresh: eeda70fbf0ad277f3178cef1cd0c3532591d6237
  Reveal-SDK: 1385ab77aa15e9a3e21f798c74bd8e94cb54c651
  SnapKit: fe8a619752f3f27075cc9a90244d75c6c3f27e2a
  Trident: 14e683315534b414215a1cf84ef990f378f827fc

PODFILE CHECKSUM: 84f910e59aa8a9d8f28a94c88b25be4381ef146f

COCOAPODS: 1.8.4
